// !$*UTF8*$!
{
	archiveVersion = 1;
	classes = {
	};
	objectVersion = 46;
	objects = {

/* Begin PBXBuildFile section */
		1D44BEC41D8306B2009B3B29 /* Roommate.swift in Sources */ = {isa = PBXBuildFile; fileRef = 1D44BEC31D8306B2009B3B29 /* Roommate.swift */; };
		1D44BEC81D836A4C009B3B29 /* RoommatesTableViewController.swift in Sources */ = {isa = PBXBuildFile; fileRef = 1D44BEC71D836A4C009B3B29 /* RoommatesTableViewController.swift */; };
		1D44BECA1D836C13009B3B29 /* RoommateEditViewController.swift in Sources */ = {isa = PBXBuildFile; fileRef = 1D44BEC91D836C13009B3B29 /* RoommateEditViewController.swift */; };
		1DF7B6331D7F3B1100E17DB2 /* AppDelegate.swift in Sources */ = {isa = PBXBuildFile; fileRef = 1DF7B6321D7F3B1100E17DB2 /* AppDelegate.swift */; };
		1DF7B6351D7F3B1100E17DB2 /* ViewController.swift in Sources */ = {isa = PBXBuildFile; fileRef = 1DF7B6341D7F3B1100E17DB2 /* ViewController.swift */; };
		1DF7B6381D7F3B1100E17DB2 /* Main.storyboard in Resources */ = {isa = PBXBuildFile; fileRef = 1DF7B6361D7F3B1100E17DB2 /* Main.storyboard */; };
		1DF7B63A1D7F3B1100E17DB2 /* Assets.xcassets in Resources */ = {isa = PBXBuildFile; fileRef = 1DF7B6391D7F3B1100E17DB2 /* Assets.xcassets */; };
		1DF7B63D1D7F3B1100E17DB2 /* LaunchScreen.storyboard in Resources */ = {isa = PBXBuildFile; fileRef = 1DF7B63B1D7F3B1100E17DB2 /* LaunchScreen.storyboard */; };
		1DF7B6451D7F3DF200E17DB2 /* MessageComposer.swift in Sources */ = {isa = PBXBuildFile; fileRef = 1DF7B6441D7F3DF200E17DB2 /* MessageComposer.swift */; };
/* End PBXBuildFile section */

/* Begin PBXFileReference section */
		1D44BEC31D8306B2009B3B29 /* Roommate.swift */ = {isa = PBXFileReference; fileEncoding = 4; lastKnownFileType = sourcecode.swift; path = Roommate.swift; sourceTree = "<group>"; };
		1D44BEC71D836A4C009B3B29 /* RoommatesTableViewController.swift */ = {isa = PBXFileReference; fileEncoding = 4; lastKnownFileType = sourcecode.swift; path = RoommatesTableViewController.swift; sourceTree = "<group>"; };
		1D44BEC91D836C13009B3B29 /* RoommateEditViewController.swift */ = {isa = PBXFileReference; fileEncoding = 4; lastKnownFileType = sourcecode.swift; path = RoommateEditViewController.swift; sourceTree = "<group>"; };
		1DF7B62F1D7F3B1000E17DB2 /* Roomi.app */ = {isa = PBXFileReference; explicitFileType = wrapper.application; includeInIndex = 0; path = Roomi.app; sourceTree = BUILT_PRODUCTS_DIR; };
		1DF7B6321D7F3B1100E17DB2 /* AppDelegate.swift */ = {isa = PBXFileReference; lastKnownFileType = sourcecode.swift; path = AppDelegate.swift; sourceTree = "<group>"; };
		1DF7B6341D7F3B1100E17DB2 /* ViewController.swift */ = {isa = PBXFileReference; lastKnownFileType = sourcecode.swift; path = ViewController.swift; sourceTree = "<group>"; };
		1DF7B6371D7F3B1100E17DB2 /* Base */ = {isa = PBXFileReference; lastKnownFileType = file.storyboard; name = Base; path = Base.lproj/Main.storyboard; sourceTree = "<group>"; };
		1DF7B6391D7F3B1100E17DB2 /* Assets.xcassets */ = {isa = PBXFileReference; lastKnownFileType = folder.assetcatalog; path = Assets.xcassets; sourceTree = "<group>"; };
		1DF7B63C1D7F3B1100E17DB2 /* Base */ = {isa = PBXFileReference; lastKnownFileType = file.storyboard; name = Base; path = Base.lproj/LaunchScreen.storyboard; sourceTree = "<group>"; };
		1DF7B63E1D7F3B1100E17DB2 /* Info.plist */ = {isa = PBXFileReference; lastKnownFileType = text.plist.xml; path = Info.plist; sourceTree = "<group>"; };
		1DF7B6441D7F3DF200E17DB2 /* MessageComposer.swift */ = {isa = PBXFileReference; fileEncoding = 4; lastKnownFileType = sourcecode.swift; path = MessageComposer.swift; sourceTree = "<group>"; };
/* End PBXFileReference section */

/* Begin PBXFrameworksBuildPhase section */
		1DF7B62C1D7F3B1000E17DB2 /* Frameworks */ = {
			isa = PBXFrameworksBuildPhase;
			buildActionMask = 2147483647;
			files = (
			);
			runOnlyForDeploymentPostprocessing = 0;
		};
/* End PBXFrameworksBuildPhase section */

/* Begin PBXGroup section */
		1DF7B6261D7F3B1000E17DB2 = {
			isa = PBXGroup;
			children = (
				1DF7B6311D7F3B1100E17DB2 /* SendSMSTutorial */,
				1DF7B6301D7F3B1000E17DB2 /* Products */,
			);
			sourceTree = "<group>";
		};
		1DF7B6301D7F3B1000E17DB2 /* Products */ = {
			isa = PBXGroup;
			children = (
				1DF7B62F1D7F3B1000E17DB2 /* Roomi.app */,
			);
			name = Products;
			sourceTree = "<group>";
		};
		1DF7B6311D7F3B1100E17DB2 /* SendSMSTutorial */ = {
			isa = PBXGroup;
			children = (
				1DF7B6321D7F3B1100E17DB2 /* AppDelegate.swift */,
				1DF7B6341D7F3B1100E17DB2 /* ViewController.swift */,
				1D44BEC71D836A4C009B3B29 /* RoommatesTableViewController.swift */,
				1D44BEC91D836C13009B3B29 /* RoommateEditViewController.swift */,
				1D44BEC31D8306B2009B3B29 /* Roommate.swift */,
				1DF7B6441D7F3DF200E17DB2 /* MessageComposer.swift */,
				1DF7B6361D7F3B1100E17DB2 /* Main.storyboard */,
				1DF7B6391D7F3B1100E17DB2 /* Assets.xcassets */,
				1DF7B63B1D7F3B1100E17DB2 /* LaunchScreen.storyboard */,
				1DF7B63E1D7F3B1100E17DB2 /* Info.plist */,
			);
			path = SendSMSTutorial;
			sourceTree = "<group>";
		};
/* End PBXGroup section */

/* Begin PBXNativeTarget section */
		1DF7B62E1D7F3B1000E17DB2 /* Roomi */ = {
			isa = PBXNativeTarget;
			buildConfigurationList = 1DF7B6411D7F3B1100E17DB2 /* Build configuration list for PBXNativeTarget "Roomi" */;
			buildPhases = (
				1DF7B62B1D7F3B1000E17DB2 /* Sources */,
				1DF7B62C1D7F3B1000E17DB2 /* Frameworks */,
				1DF7B62D1D7F3B1000E17DB2 /* Resources */,
			);
			buildRules = (
			);
			dependencies = (
			);
			name = Roomi;
			productName = SendSMSTutorial;
			productReference = 1DF7B62F1D7F3B1000E17DB2 /* Roomi.app */;
			productType = "com.apple.product-type.application";
		};
/* End PBXNativeTarget section */

/* Begin PBXProject section */
		1DF7B6271D7F3B1000E17DB2 /* Project object */ = {
			isa = PBXProject;
			attributes = {
				LastSwiftUpdateCheck = 0730;
				LastUpgradeCheck = 0730;
				ORGANIZATIONNAME = "Beam Ltd.";
				TargetAttributes = {
					1DF7B62E1D7F3B1000E17DB2 = {
						CreatedOnToolsVersion = 7.3.1;
						DevelopmentTeam = E7TPS5LD2H;
					};
				};
			};
			buildConfigurationList = 1DF7B62A1D7F3B1000E17DB2 /* Build configuration list for PBXProject "Roomi" */;
			compatibilityVersion = "Xcode 3.2";
			developmentRegion = English;
			hasScannedForEncodings = 0;
			knownRegions = (
				en,
				Base,
			);
			mainGroup = 1DF7B6261D7F3B1000E17DB2;
			productRefGroup = 1DF7B6301D7F3B1000E17DB2 /* Products */;
			projectDirPath = "";
			projectRoot = "";
			targets = (
				1DF7B62E1D7F3B1000E17DB2 /* Roomi */,
			);
		};
/* End PBXProject section */

/* Begin PBXResourcesBuildPhase section */
		1DF7B62D1D7F3B1000E17DB2 /* Resources */ = {
			isa = PBXResourcesBuildPhase;
			buildActionMask = 2147483647;
			files = (
				1DF7B63D1D7F3B1100E17DB2 /* LaunchScreen.storyboard in Resources */,
				1DF7B63A1D7F3B1100E17DB2 /* Assets.xcassets in Resources */,
				1DF7B6381D7F3B1100E17DB2 /* Main.storyboard in Resources */,
			);
			runOnlyForDeploymentPostprocessing = 0;
		};
/* End PBXResourcesBuildPhase section */

/* Begin PBXSourcesBuildPhase section */
		1DF7B62B1D7F3B1000E17DB2 /* Sources */ = {
			isa = PBXSourcesBuildPhase;
			buildActionMask = 2147483647;
			files = (
				1DF7B6451D7F3DF200E17DB2 /* MessageComposer.swift in Sources */,
				1D44BEC81D836A4C009B3B29 /* RoommatesTableViewController.swift in Sources */,
				1D44BECA1D836C13009B3B29 /* RoommateEditViewController.swift in Sources */,
				1D44BEC41D8306B2009B3B29 /* Roommate.swift in Sources */,
				1DF7B6351D7F3B1100E17DB2 /* ViewController.swift in Sources */,
				1DF7B6331D7F3B1100E17DB2 /* AppDelegate.swift in Sources */,
			);
			runOnlyForDeploymentPostprocessing = 0;
		};
/* End PBXSourcesBuildPhase section */

/* Begin PBXVariantGroup section */
		1DF7B6361D7F3B1100E17DB2 /* Main.storyboard */ = {
			isa = PBXVariantGroup;
			children = (
				1DF7B6371D7F3B1100E17DB2 /* Base */,
			);
			name = Main.storyboard;
			sourceTree = "<group>";
		};
		1DF7B63B1D7F3B1100E17DB2 /* LaunchScreen.storyboard */ = {
			isa = PBXVariantGroup;
			children = (
				1DF7B63C1D7F3B1100E17DB2 /* Base */,
			);
			name = LaunchScreen.storyboard;
			sourceTree = "<group>";
		};
/* End PBXVariantGroup section */

/* Begin XCBuildConfiguration section */
		1DF7B63F1D7F3B1100E17DB2 /* Debug */ = {
			isa = XCBuildConfiguration;
			buildSettings = {
				ALWAYS_SEARCH_USER_PATHS = NO;
				CLANG_ANALYZER_NONNULL = YES;
				CLANG_CXX_LANGUAGE_STANDARD = "gnu++0x";
				CLANG_CXX_LIBRARY = "libc++";
				CLANG_ENABLE_MODULES = YES;
				CLANG_ENABLE_OBJC_ARC = YES;
				CLANG_WARN_BOOL_CONVERSION = YES;
				CLANG_WARN_CONSTANT_CONVERSION = YES;
				CLANG_WARN_DIRECT_OBJC_ISA_USAGE = YES_ERROR;
				CLANG_WARN_EMPTY_BODY = YES;
				CLANG_WARN_ENUM_CONVERSION = YES;
				CLANG_WARN_INT_CONVERSION = YES;
				CLANG_WARN_OBJC_ROOT_CLASS = YES_ERROR;
				CLANG_WARN_UNREACHABLE_CODE = YES;
				CLANG_WARN__DUPLICATE_METHOD_MATCH = YES;
				"CODE_SIGN_IDENTITY[sdk=iphoneos*]" = "iPhone Developer";
				COPY_PHASE_STRIP = NO;
				DEBUG_INFORMATION_FORMAT = dwarf;
				ENABLE_STRICT_OBJC_MSGSEND = YES;
				ENABLE_TESTABILITY = YES;
				GCC_C_LANGUAGE_STANDARD = gnu99;
				GCC_DYNAMIC_NO_PIC = NO;
				GCC_NO_COMMON_BLOCKS = YES;
				GCC_OPTIMIZATION_LEVEL = 0;
				GCC_PREPROCESSOR_DEFINITIONS = (
					"DEBUG=1",
					"$(inherited)",
				);
				GCC_WARN_64_TO_32_BIT_CONVERSION = YES;
				GCC_WARN_ABOUT_RETURN_TYPE = YES_ERROR;
				GCC_WARN_UNDECLARED_SELECTOR = YES;
				GCC_WARN_UNINITIALIZED_AUTOS = YES_AGGRESSIVE;
				GCC_WARN_UNUSED_FUNCTION = YES;
				GCC_WARN_UNUSED_VARIABLE = YES;
				IPHONEOS_DEPLOYMENT_TARGET = 9.3;
				MTL_ENABLE_DEBUG_INFO = YES;
				ONLY_ACTIVE_ARCH = YES;
				PROVISIONING_PROFILE = "85b30a09-8db9-4dba-8bee-82fc21231c05";
				SDKROOT = iphoneos;
				SWIFT_OPTIMIZATION_LEVEL = "-Onone";
			};
			name = Debug;
		};
		1DF7B6401D7F3B1100E17DB2 /* Release */ = {
			isa = XCBuildConfiguration;
			buildSettings = {
				ALWAYS_SEARCH_USER_PATHS = NO;
				CLANG_ANALYZER_NONNULL = YES;
				CLANG_CXX_LANGUAGE_STANDARD = "gnu++0x";
				CLANG_CXX_LIBRARY = "libc++";
				CLANG_ENABLE_MODULES = YES;
				CLANG_ENABLE_OBJC_ARC = YES;
				CLANG_WARN_BOOL_CONVERSION = YES;
				CLANG_WARN_CONSTANT_CONVERSION = YES;
				CLANG_WARN_DIRECT_OBJC_ISA_USAGE = YES_ERROR;
				CLANG_WARN_EMPTY_BODY = YES;
				CLANG_WARN_ENUM_CONVERSION = YES;
				CLANG_WARN_INT_CONVERSION = YES;
				CLANG_WARN_OBJC_ROOT_CLASS = YES_ERROR;
				CLANG_WARN_UNREACHABLE_CODE = YES;
				CLANG_WARN__DUPLICATE_METHOD_MATCH = YES;
				CODE_SIGN_IDENTITY = "iPhone Distribution";
				"CODE_SIGN_IDENTITY[sdk=iphoneos*]" = "iPhone Distribution";
				COPY_PHASE_STRIP = NO;
				DEBUG_INFORMATION_FORMAT = "dwarf-with-dsym";
				ENABLE_NS_ASSERTIONS = NO;
				ENABLE_STRICT_OBJC_MSGSEND = YES;
				GCC_C_LANGUAGE_STANDARD = gnu99;
				GCC_NO_COMMON_BLOCKS = YES;
				GCC_WARN_64_TO_32_BIT_CONVERSION = YES;
				GCC_WARN_ABOUT_RETURN_TYPE = YES_ERROR;
				GCC_WARN_UNDECLARED_SELECTOR = YES;
				GCC_WARN_UNINITIALIZED_AUTOS = YES_AGGRESSIVE;
				GCC_WARN_UNUSED_FUNCTION = YES;
				GCC_WARN_UNUSED_VARIABLE = YES;
				IPHONEOS_DEPLOYMENT_TARGET = 9.3;
				MTL_ENABLE_DEBUG_INFO = NO;
				PROVISIONING_PROFILE = "85b30a09-8db9-4dba-8bee-82fc21231c05";
				SDKROOT = iphoneos;
				VALIDATE_PRODUCT = YES;
			};
			name = Release;
		};
		1DF7B6421D7F3B1100E17DB2 /* Debug */ = {
			isa = XCBuildConfiguration;
			buildSettings = {
				ASSETCATALOG_COMPILER_APPICON_NAME = AppIcon;
				CODE_SIGN_IDENTITY = "iPhone Developer";
				"CODE_SIGN_IDENTITY[sdk=iphoneos*]" = "iPhone Developer";
				INFOPLIST_FILE = SendSMSTutorial/Info.plist;
				LD_RUNPATH_SEARCH_PATHS = "$(inherited) @executable_path/Frameworks";
				PRODUCT_BUNDLE_IDENTIFIER = com.getroomie.roomie;
				PRODUCT_NAME = Roomi;
				PROVISIONING_PROFILE = "";
			};
			name = Debug;
		};
		1DF7B6431D7F3B1100E17DB2 /* Release */ = {
			isa = XCBuildConfiguration;
			buildSettings = {
				ASSETCATALOG_COMPILER_APPICON_NAME = AppIcon;
				CODE_SIGN_IDENTITY = "iPhone Developer";
				"CODE_SIGN_IDENTITY[sdk=iphoneos*]" = "iPhone Developer";
				INFOPLIST_FILE = SendSMSTutorial/Info.plist;
				LD_RUNPATH_SEARCH_PATHS = "$(inherited) @executable_path/Frameworks";
				PRODUCT_BUNDLE_IDENTIFIER = com.getroomie.roomie;
				PRODUCT_NAME = Roomi;
				PROVISIONING_PROFILE = "";
			};
			name = Release;
		};
/* End XCBuildConfiguration section */

/* Begin XCConfigurationList section */
		1DF7B62A1D7F3B1000E17DB2 /* Build configuration list for PBXProject "Roomi" */ = {
			isa = XCConfigurationList;
			buildConfigurations = (
				1DF7B63F1D7F3B1100E17DB2 /* Debug */,
				1DF7B6401D7F3B1100E17DB2 /* Release */,
			);
			defaultConfigurationIsVisible = 0;
			defaultConfigurationName = Release;
		};
		1DF7B6411D7F3B1100E17DB2 /* Build configuration list for PBXNativeTarget "Roomi" */ = {
			isa = XCConfigurationList;
			buildConfigurations = (
				1DF7B6421D7F3B1100E17DB2 /* Debug */,
				1DF7B6431D7F3B1100E17DB2 /* Release */,
			);
			defaultConfigurationIsVisible = 0;
			defaultConfigurationName = Release;
		};
/* End XCConfigurationList section */
	};
	rootObject = 1DF7B6271D7F3B1000E17DB2 /* Project object */;
}
